
Microsoft Visual Studio Solution File, Format Version 12.00
# Visual Studio Version 16
VisualStudioVersion = 16.0.31424.327
MinimumVisualStudioVersion = 10.0.40219.1
Project("{FAE04EC0-301F-11D3-BF4B-00C04F79EFBC}") = "jenkinstest", "jenkinstest\jenkinstest.csproj", "{18CDB449-1D3E-45A6-9112-98E105A71DAA}"
EndProject
Global
	GlobalSection(SolutionConfigurationPlatforms) = preSolution
		Debug|Any CPU = Debug|Any CPU
		Release|Any CPU = Release|Any CPU
	EndGlobalSection
	GlobalSection(ProjectConfigurationPlatforms) = postSolution
		{18CDB449-1D3E-45A6-9112-98E105A71DAA}.Debug|Any CPU.ActiveCfg = Debug|Any CPU
		{18CDB449-1D3E-45A6-9112-98E105A71DAA}.Debug|Any CPU.Build.0 = Debug|Any CPU
		{18CDB449-1D3E-45A6-9112-98E105A71DAA}.Release|Any CPU.ActiveCfg = Release|Any CPU
		{18CDB449-1D3E-45A6-9112-98E105A71DAA}.Release|Any CPU.Build.0 = Release|Any CPU
	EndGlobalSection
	GlobalSection(SolutionProperties) = preSolution
		HideSolutionNode = FALSE
	EndGlobalSection
	GlobalSection(ExtensibilityGlobals) = postSolution
		SolutionGuid = {1C4FF90A-3B03-4CBD-BFB5-FDC83274EE61}
	EndGlobalSection
EndGlobal
